
Microsoft Visual Studio Solution File, Format Version 12.00
# Visual Studio Version 17
VisualStudioVersion = 17.5.33627.172
MinimumVisualStudioVersion = 10.0.40219.1
Project("{FAE04EC0-301F-11D3-BF4B-00C04F79EFBC}") = "Pr3Obligatorio_AAN2023", "Pr3Obligatorio_AAN2023\Pr3Obligatorio_AAN2023.csproj", "{B2033358-C4EA-4869-B8EB-9BF76A911FEA}"
EndProject
Global
	GlobalSection(SolutionConfigurationPlatforms) = preSolution
		Debug|Any CPU = Debug|Any CPU
		Release|Any CPU = Release|Any CPU
	EndGlobalSection
	GlobalSection(ProjectConfigurationPlatforms) = postSolution
		{B2033358-C4EA-4869-B8EB-9BF76A911FEA}.Debug|Any CPU.ActiveCfg = Debug|Any CPU
		{B2033358-C4EA-4869-B8EB-9BF76A911FEA}.Debug|Any CPU.Build.0 = Debug|Any CPU
		{B2033358-C4EA-4869-B8EB-9BF76A911FEA}.Release|Any CPU.ActiveCfg = Release|Any CPU
		{B2033358-C4EA-4869-B8EB-9BF76A911FEA}.Release|Any CPU.Build.0 = Release|Any CPU
	EndGlobalSection
	GlobalSection(SolutionProperties) = preSolution
		HideSolutionNode = FALSE
	EndGlobalSection
	GlobalSection(ExtensibilityGlobals) = postSolution
		SolutionGuid = {191A928E-9EA7-42A0-A41C-F5A76D685201}
	EndGlobalSection
EndGlobal
